
Microsoft Visual Studio Solution File, Format Version 12.00
# Visual Studio 2017
Project("{FAE04EC0-301F-11D3-BF4B-00C04F79EFBC}") = "GDP-Coursework", "GDP-Coursework.csproj", "{0C56D26A-7DA2-F270-C2B4-D3288A233A73}"
EndProject
Global
	GlobalSection(SolutionConfigurationPlatforms) = preSolution
		Debug|Any CPU = Debug|Any CPU
		Release|Any CPU = Release|Any CPU
	EndGlobalSection
	GlobalSection(ProjectConfigurationPlatforms) = postSolution
		{0C56D26A-7DA2-F270-C2B4-D3288A233A73}.Debug|Any CPU.ActiveCfg = Debug|Any CPU
		{0C56D26A-7DA2-F270-C2B4-D3288A233A73}.Debug|Any CPU.Build.0 = Debug|Any CPU
		{0C56D26A-7DA2-F270-C2B4-D3288A233A73}.Release|Any CPU.ActiveCfg = Release|Any CPU
		{0C56D26A-7DA2-F270-C2B4-D3288A233A73}.Release|Any CPU.Build.0 = Release|Any CPU
	EndGlobalSection
	GlobalSection(SolutionProperties) = preSolution
		HideSolutionNode = FALSE
	EndGlobalSection
EndGlobal
